<?xml version="1.0" encoding="utf-8"?>
<Project ToolsVersion="4.0" xmlns="http://schemas.microsoft.com/developer/msbuild/2003">
  <ItemGroup>
    <ClCompile Include="FWApplication.cpp" />
    <ClCompile Include="Main.cpp" />
    <ClCompile Include="Vertex.cpp">
      <Filter>Models</Filter>
    </ClCompile>
    <ClCompile Include="Edge.cpp">
      <Filter>Models</Filter>
    </ClCompile>
    <ClCompile Include="Graph.cpp">
      <Filter>Models</Filter>
    </ClCompile>
    <ClCompile Include="Ghost.cpp">
      <Filter>Models\Objects</Filter>
    </ClCompile>
    <ClCompile Include="Pacman.cpp">
      <Filter>Models\Objects</Filter>
    </ClCompile>
    <ClCompile Include="Pocketknife.cpp">
      <Filter>Models</Filter>
    </ClCompile>
    <ClCompile Include="DeadGhost.cpp">
      <Filter>Models\Objects</Filter>
    </ClCompile>
    <ClCompile Include="AStar.cpp">
      <Filter>Models\Algorithm</Filter>
    </ClCompile>
    <ClCompile Include="SteeringBehaviors.cpp">
      <Filter>Models\Algorithm</Filter>
    </ClCompile>
    <ClCompile Include="Heaven.cpp">
      <Filter>Models</Filter>
    </ClCompile>
    <ClCompile Include="Game.cpp" />
    <ClCompile Include="GhostState.cpp">
      <Filter>Models\Objects\States</Filter>
    </ClCompile>
    <ClCompile Include="IdleState.cpp">
      <Filter>Models\Objects\States</Filter>
    </ClCompile>
    <ClCompile Include="ChaseState.cpp">
      <Filter>Models\Objects\States</Filter>
    </ClCompile>
    <ClCompile Include="PillState.cpp">
      <Filter>Models\Objects\States</Filter>
    </ClCompile>
    <ClCompile Include="State.cpp">
      <Filter>Models\Objects\States</Filter>
    </ClCompile>
  </ItemGroup>
  <ItemGroup>
    <ClInclude Include="Config.h" />
    <ClInclude Include="FWApplication.h" />
    <ClInclude Include="IGameObject.h" />
    <ClInclude Include="Vertex.h">
      <Filter>Models</Filter>
    </ClInclude>
    <ClInclude Include="Edge.h">
      <Filter>Models</Filter>
    </ClInclude>
    <ClInclude Include="Graph.h">
      <Filter>Models</Filter>
    </ClInclude>
    <ClInclude Include="Rift.h">
      <Filter>Models</Filter>
    </ClInclude>
    <ClInclude Include="Ghost.h">
      <Filter>Models\Objects</Filter>
    </ClInclude>
    <ClInclude Include="Pacman.h">
      <Filter>Models\Objects</Filter>
    </ClInclude>
    <ClInclude Include="Pocketknife.h">
      <Filter>Models</Filter>
    </ClInclude>
    <ClInclude Include="DeadGhost.h">
      <Filter>Models\Objects</Filter>
    </ClInclude>
    <ClInclude Include="AStar.h">
      <Filter>Models\Algorithm</Filter>
    </ClInclude>
    <ClInclude Include="SteeringBehaviors.h">
      <Filter>Models\Algorithm</Filter>
    </ClInclude>
    <ClInclude Include="Heaven.h">
      <Filter>Models</Filter>
    </ClInclude>
    <ClInclude Include="Steering.h">
      <Filter>Models\Algorithm</Filter>
    </ClInclude>
    <ClInclude Include="Game.h" />
    <ClInclude Include="IdleState.h">
      <Filter>Models\Objects\States</Filter>
    </ClInclude>
    <ClInclude Include="PillState.h">
      <Filter>Models\Objects\States</Filter>
    </ClInclude>
    <ClInclude Include="ChaseState.h">
      <Filter>Models\Objects\States</Filter>
    </ClInclude>
    <ClInclude Include="GhostState.h">
      <Filter>Models\Objects\States</Filter>
    </ClInclude>
    <ClInclude Include="State.h">
      <Filter>Models\Objects\States</Filter>
    </ClInclude>
  </ItemGroup>
  <ItemGroup>
    <None Include="SDL2.dll" />
  </ItemGroup>
  <ItemGroup>
    <Filter Include="Models">
      <UniqueIdentifier>{c1819ce2-6cfc-4fe4-9953-1fd27b288f2b}</UniqueIdentifier>
    </Filter>
    <Filter Include="Models\Objects">
      <UniqueIdentifier>{42222c12-f9a6-4fda-96c3-b0f7820531d2}</UniqueIdentifier>
    </Filter>
    <Filter Include="Models\Algorithm">
      <UniqueIdentifier>{6217319d-6dfc-4c19-ad81-97908014263d}</UniqueIdentifier>
    </Filter>
    <Filter Include="Models\Objects\States">
      <UniqueIdentifier>{fc07b9a7-e2f6-4c7d-9a62-8f3baf949b18}</UniqueIdentifier>
    </Filter>
  </ItemGroup>
</Project>